
Microsoft Visual Studio Solution File, Format Version 12.00
# Visual Studio 14
VisualStudioVersion = 14.0.25123.0
MinimumVisualStudioVersion = 10.0.40219.1
Project("{FAE04EC0-301F-11D3-BF4B-00C04F79EFBC}") = "Naamloos Corrupter", "Naamloos Corrupter\Naamloos Corrupter.csproj", "{EB247844-230C-43A8-B77A-032E7D9D734D}"
EndProject
Global
	GlobalSection(SolutionConfigurationPlatforms) = preSolution
		Debug|Any CPU = Debug|Any CPU
		Release|Any CPU = Release|Any CPU
	EndGlobalSection
	GlobalSection(ProjectConfigurationPlatforms) = postSolution
		{EB247844-230C-43A8-B77A-032E7D9D734D}.Debug|Any CPU.ActiveCfg = Debug|Any CPU
		{EB247844-230C-43A8-B77A-032E7D9D734D}.Debug|Any CPU.Build.0 = Debug|Any CPU
		{EB247844-230C-43A8-B77A-032E7D9D734D}.Release|Any CPU.ActiveCfg = Release|Any CPU
		{EB247844-230C-43A8-B77A-032E7D9D734D}.Release|Any CPU.Build.0 = Release|Any CPU
	EndGlobalSection
	GlobalSection(SolutionProperties) = preSolution
		HideSolutionNode = FALSE
	EndGlobalSection
EndGlobal
